
Microsoft Visual Studio Solution File, Format Version 12.00
# Visual Studio Version 17
VisualStudioVersion = 17.4.33110.190
MinimumVisualStudioVersion = 10.0.40219.1
Project("{FAE04EC0-301F-11D3-BF4B-00C04F79EFBC}") = "WOMBAT", "WOMBAT\WOMBAT.csproj", "{2C1E020C-E76A-4B94-ADF6-601013F84DEA}"
EndProject
Global
	GlobalSection(SolutionConfigurationPlatforms) = preSolution
		Debug|Any CPU = Debug|Any CPU
		Release|Any CPU = Release|Any CPU
	EndGlobalSection
	GlobalSection(ProjectConfigurationPlatforms) = postSolution
		{2C1E020C-E76A-4B94-ADF6-601013F84DEA}.Debug|Any CPU.ActiveCfg = Debug|Any CPU
		{2C1E020C-E76A-4B94-ADF6-601013F84DEA}.Debug|Any CPU.Build.0 = Debug|Any CPU
		{2C1E020C-E76A-4B94-ADF6-601013F84DEA}.Release|Any CPU.ActiveCfg = Release|Any CPU
		{2C1E020C-E76A-4B94-ADF6-601013F84DEA}.Release|Any CPU.Build.0 = Release|Any CPU
	EndGlobalSection
	GlobalSection(SolutionProperties) = preSolution
		HideSolutionNode = FALSE
	EndGlobalSection
	GlobalSection(ExtensibilityGlobals) = postSolution
		SolutionGuid = {8C18752D-AACA-4C82-BBD5-C9A781971D03}
	EndGlobalSection
EndGlobal
